
Microsoft Visual Studio Solution File, Format Version 12.00
# Visual Studio Version 16
VisualStudioVersion = 16.0.31321.278
MinimumVisualStudioVersion = 10.0.40219.1
Project("{FAE04EC0-301F-11D3-BF4B-00C04F79EFBC}") = "GPCalib", "GPCalib.csproj", "{6DA13EA5-F770-4476-BD31-23F1E4CA08D8}"
EndProject
Global
	GlobalSection(SolutionConfigurationPlatforms) = preSolution
		Debug|Any CPU = Debug|Any CPU
		Release|Any CPU = Release|Any CPU
	EndGlobalSection
	GlobalSection(ProjectConfigurationPlatforms) = postSolution
		{6DA13EA5-F770-4476-BD31-23F1E4CA08D8}.Debug|Any CPU.ActiveCfg = Debug|Any CPU
		{6DA13EA5-F770-4476-BD31-23F1E4CA08D8}.Debug|Any CPU.Build.0 = Debug|Any CPU
		{6DA13EA5-F770-4476-BD31-23F1E4CA08D8}.Release|Any CPU.ActiveCfg = Release|Any CPU
		{6DA13EA5-F770-4476-BD31-23F1E4CA08D8}.Release|Any CPU.Build.0 = Release|Any CPU
	EndGlobalSection
	GlobalSection(SolutionProperties) = preSolution
		HideSolutionNode = FALSE
	EndGlobalSection
	GlobalSection(ExtensibilityGlobals) = postSolution
		SolutionGuid = {10FA1CAE-4625-4914-A796-EDC87FF04F51}
	EndGlobalSection
EndGlobal
